
Microsoft Visual Studio Solution File, Format Version 12.00
# Visual Studio Version 17
VisualStudioVersion = 17.8.34309.116
MinimumVisualStudioVersion = 10.0.40219.1
Project("{FAE04EC0-301F-11D3-BF4B-00C04F79EFBC}") = "ShippingHub", "ShippingHub\ShippingHub.csproj", "{0DAF309E-ECD5-4339-9E66-FC5C990BEBA0}"
EndProject
Global
	GlobalSection(SolutionConfigurationPlatforms) = preSolution
		Debug|Any CPU = Debug|Any CPU
		Release|Any CPU = Release|Any CPU
	EndGlobalSection
	GlobalSection(ProjectConfigurationPlatforms) = postSolution
		{0DAF309E-ECD5-4339-9E66-FC5C990BEBA0}.Debug|Any CPU.ActiveCfg = Debug|Any CPU
		{0DAF309E-ECD5-4339-9E66-FC5C990BEBA0}.Debug|Any CPU.Build.0 = Debug|Any CPU
		{0DAF309E-ECD5-4339-9E66-FC5C990BEBA0}.Release|Any CPU.ActiveCfg = Release|Any CPU
		{0DAF309E-ECD5-4339-9E66-FC5C990BEBA0}.Release|Any CPU.Build.0 = Release|Any CPU
	EndGlobalSection
	GlobalSection(SolutionProperties) = preSolution
		HideSolutionNode = FALSE
	EndGlobalSection
	GlobalSection(ExtensibilityGlobals) = postSolution
		SolutionGuid = {9F6E312F-BD8A-4ECD-9F07-3865AA29AAC3}
	EndGlobalSection
EndGlobal
